
Microsoft Visual Studio Solution File, Format Version 12.00
# Visual Studio Version 17
VisualStudioVersion = 17.3.32825.248
MinimumVisualStudioVersion = 10.0.40219.1
Project("{FAE04EC0-301F-11D3-BF4B-00C04F79EFBC}") = "WpfApp3", "WpfApp3\WpfApp3.csproj", "{4962D144-B351-4BC9-938F-A47CA81AB935}"
EndProject
Project("{FAE04EC0-301F-11D3-BF4B-00C04F79EFBC}") = "USqlCSharpUdoUnitTestProject1", "USqlCSharpUdoUnitTestProject1\USqlCSharpUdoUnitTestProject1.csproj", "{24F8DA68-7DAE-44FE-BB6A-4B48E46B5FCA}"
EndProject
Global
	GlobalSection(SolutionConfigurationPlatforms) = preSolution
		Debug|Any CPU = Debug|Any CPU
		Release|Any CPU = Release|Any CPU
	EndGlobalSection
	GlobalSection(ProjectConfigurationPlatforms) = postSolution
		{4962D144-B351-4BC9-938F-A47CA81AB935}.Debug|Any CPU.ActiveCfg = Debug|Any CPU
		{4962D144-B351-4BC9-938F-A47CA81AB935}.Debug|Any CPU.Build.0 = Debug|Any CPU
		{4962D144-B351-4BC9-938F-A47CA81AB935}.Release|Any CPU.ActiveCfg = Release|Any CPU
		{4962D144-B351-4BC9-938F-A47CA81AB935}.Release|Any CPU.Build.0 = Release|Any CPU
		{24F8DA68-7DAE-44FE-BB6A-4B48E46B5FCA}.Debug|Any CPU.ActiveCfg = Debug|Any CPU
		{24F8DA68-7DAE-44FE-BB6A-4B48E46B5FCA}.Debug|Any CPU.Build.0 = Debug|Any CPU
		{24F8DA68-7DAE-44FE-BB6A-4B48E46B5FCA}.Release|Any CPU.ActiveCfg = Release|Any CPU
		{24F8DA68-7DAE-44FE-BB6A-4B48E46B5FCA}.Release|Any CPU.Build.0 = Release|Any CPU
	EndGlobalSection
	GlobalSection(SolutionProperties) = preSolution
		HideSolutionNode = FALSE
	EndGlobalSection
	GlobalSection(ExtensibilityGlobals) = postSolution
		SolutionGuid = {730D11F5-C409-49E3-8A94-873D01C18A28}
	EndGlobalSection
EndGlobal
